
Microsoft Visual Studio Solution File, Format Version 12.00
# Visual Studio Version 17
VisualStudioVersion = 17.4.33122.133
MinimumVisualStudioVersion = 10.0.40219.1
Project("{9A19103F-16F7-4668-BE54-9A1E7A4F7556}") = "GitTree", "GitTree\GitTree.csproj", "{68A7FE66-FE51-455C-A13C-EF7DE1684E61}"
EndProject
Project("{9A19103F-16F7-4668-BE54-9A1E7A4F7556}") = "UsefulCommands.Common", "UsefulCommands.Common\UsefulCommands.Common.csproj", "{DF79BCA0-8CA8-4011-9294-6EF62293BD57}"
EndProject
Project("{FAE04EC0-301F-11D3-BF4B-00C04F79EFBC}") = "BinCache", "BinCache\BinCache.csproj", "{35B47F68-A220-45CE-92CC-1C8FA3D1CD1E}"
EndProject
Global
	GlobalSection(SolutionConfigurationPlatforms) = preSolution
		Debug|Any CPU = Debug|Any CPU
		Release|Any CPU = Release|Any CPU
	EndGlobalSection
	GlobalSection(ProjectConfigurationPlatforms) = postSolution
		{68A7FE66-FE51-455C-A13C-EF7DE1684E61}.Debug|Any CPU.ActiveCfg = Debug|Any CPU
		{68A7FE66-FE51-455C-A13C-EF7DE1684E61}.Debug|Any CPU.Build.0 = Debug|Any CPU
		{68A7FE66-FE51-455C-A13C-EF7DE1684E61}.Release|Any CPU.ActiveCfg = Release|Any CPU
		{68A7FE66-FE51-455C-A13C-EF7DE1684E61}.Release|Any CPU.Build.0 = Release|Any CPU
		{DF79BCA0-8CA8-4011-9294-6EF62293BD57}.Debug|Any CPU.ActiveCfg = Debug|Any CPU
		{DF79BCA0-8CA8-4011-9294-6EF62293BD57}.Debug|Any CPU.Build.0 = Debug|Any CPU
		{DF79BCA0-8CA8-4011-9294-6EF62293BD57}.Release|Any CPU.ActiveCfg = Release|Any CPU
		{DF79BCA0-8CA8-4011-9294-6EF62293BD57}.Release|Any CPU.Build.0 = Release|Any CPU
		{35B47F68-A220-45CE-92CC-1C8FA3D1CD1E}.Debug|Any CPU.ActiveCfg = Debug|Any CPU
		{35B47F68-A220-45CE-92CC-1C8FA3D1CD1E}.Debug|Any CPU.Build.0 = Debug|Any CPU
		{35B47F68-A220-45CE-92CC-1C8FA3D1CD1E}.Release|Any CPU.ActiveCfg = Release|Any CPU
		{35B47F68-A220-45CE-92CC-1C8FA3D1CD1E}.Release|Any CPU.Build.0 = Release|Any CPU
	EndGlobalSection
	GlobalSection(SolutionProperties) = preSolution
		HideSolutionNode = FALSE
	EndGlobalSection
	GlobalSection(ExtensibilityGlobals) = postSolution
		SolutionGuid = {4B4415D2-BBAC-4EBA-982B-79D3FDAFE8E0}
	EndGlobalSection
EndGlobal
